
Microsoft Visual Studio Solution File, Format Version 12.00
# Visual Studio 15
VisualStudioVersion = 15.0.27428.2015
MinimumVisualStudioVersion = 10.0.40219.1
Project("{8BC9CEB8-8B4A-11D0-8D11-00A0C91BC942}") = "facedetect", "facedetect\facedetect.vcxproj", "{958E04C0-B108-4EB4-BFB0-0F3A480B8E24}"
EndProject
Global
	GlobalSection(SolutionConfigurationPlatforms) = preSolution
		Debug|x64 = Debug|x64
		Debug|x86 = Debug|x86
		Release|x64 = Release|x64
		Release|x86 = Release|x86
	EndGlobalSection
	GlobalSection(ProjectConfigurationPlatforms) = postSolution
		{958E04C0-B108-4EB4-BFB0-0F3A480B8E24}.Debug|x64.ActiveCfg = Debug|x64
		{958E04C0-B108-4EB4-BFB0-0F3A480B8E24}.Debug|x64.Build.0 = Debug|x64
		{958E04C0-B108-4EB4-BFB0-0F3A480B8E24}.Debug|x86.ActiveCfg = Debug|Win32
		{958E04C0-B108-4EB4-BFB0-0F3A480B8E24}.Debug|x86.Build.0 = Debug|Win32
		{958E04C0-B108-4EB4-BFB0-0F3A480B8E24}.Release|x64.ActiveCfg = Release|x64
		{958E04C0-B108-4EB4-BFB0-0F3A480B8E24}.Release|x64.Build.0 = Release|x64
		{958E04C0-B108-4EB4-BFB0-0F3A480B8E24}.Release|x86.ActiveCfg = Release|Win32
		{958E04C0-B108-4EB4-BFB0-0F3A480B8E24}.Release|x86.Build.0 = Release|Win32
	EndGlobalSection
	GlobalSection(SolutionProperties) = preSolution
		HideSolutionNode = FALSE
	EndGlobalSection
	GlobalSection(ExtensibilityGlobals) = postSolution
		SolutionGuid = {4895A90F-A9C9-41BF-8B97-4ACB17DBCE45}
	EndGlobalSection
EndGlobal
